{
  "name": "frontend-framework",
  "lockfileVersion": 2,
  "requires": true,
  "packages": {
    "": {
      "dependencies": {
        "feathercss-compiler": "github:benardayim/feathercss"
      }
    },
    "node_modules/feathercss-compiler": {
      "version": "1.0.0",
      "resolved": "git+ssh://git@github.com/benardayim/feathercss.git#6d5738034d5cf6c1e4b1b100a49a6c51da709913",
      "license": "ISC",
      "bin": {
        "feathercss": "bin.js"
      }
    }
  },
  "dependencies": {
    "feathercss-compiler": {
      "version": "git+ssh://git@github.com/benardayim/feathercss.git#6d5738034d5cf6c1e4b1b100a49a6c51da709913",
      "from": "feathercss-compiler@https://github.com/benardayim/feathercss.git"
    }
  }
}
